{
    "_meta": {
        "hash": {
            "sha256": "ff179dc0f5db16690dd90c1c733084f29ae6d156493e2cd778c1474d3e96352c"
        },
        "pipfile-spec": 6,
        "requires": {
            "python_version": "3.10"
        },
        "sources": [
            {
                "name": "pypi",
                "url": "https://pypi.org/simple",
                "verify_ssl": true
            }
        ]
    },
    "default": {
        "pyside6": {
            "hashes": [
                "sha256:1821f3f06357961ddf63db1bd73b3d91b5d7a57ce27994bf8ba910a930a411c9",
                "sha256:3dae6611f425da55fcc2ed0494496a07812751a89c2f9801f6072a3349106a62",
                "sha256:90bb074469c37155c69fbfe85d85d23e52973df784bf7bc0d36c646ebdf985a4",
                "sha256:a45ea81fa4d1fdb7aeb7250508b07fa209e6bfb26becf5b24751d3769cade292",
                "sha256:ab4f5913cf3a97ed2a5a388b781887e50750142b847e57b52ffa15bb0510af9d",
                "sha256:e255f9cb5fa13c4f4c8a1e90f3e6619336787d8700f476b8bb3d432917c68ed6"
            ],
            "index": "pypi",
            "version": "==6.4.0.1"
        },
        "pyside6-addons": {
            "hashes": [
                "sha256:43d21d7cfb2e507e293cced61b13e1d125212c6b650a61ab97ce7fe9a758008e",
                "sha256:4bcf6e86d53f0ac92092bb66a6a3ee40fa8ff9e46f8418bdec9d6d95256211f4",
                "sha256:a9f55608e4b1ff8a35305e2d4341f5f735ad3eafa042dff7381792b84e0c50c8",
                "sha256:d5e4f11efc360be8f93cd9a8837019f6ea79cd63e0770c3c2917d7c4b44bc55c",
                "sha256:ed9653074e33b417ec51dfae4852cbf4aaeda1856ce877f85d58854784baa3dc",
                "sha256:fc993a682a290ec63ba3f8b4cf66de8185b076bb6e77756e8d256b643b74cf41"
            ],
            "markers": "python_version < '3.12' and python_version >= '3.7'",
            "version": "==6.4.0.1"
        },
        "pyside6-essentials": {
            "hashes": [
                "sha256:0c1f968699c4c1d2e131fd5c690228170f764324e6dc0e1b80f978fbc29923de",
                "sha256:1ba1c475568392db633da032799ff84e4b1c8e0ba863e88118b4f5ae0c312fb1",
                "sha256:3ea3b8b7bb792ad6a58d1186606ff6a3a782b09007dc4517649fe300d7beaf51",
                "sha256:6950ad5d946a61a879634d14cb1bb0205f157b9d270fdc536049d1444aeb14d0",
                "sha256:7f1d2d3b1aa5f2ababc6a25d0c0748fc41f6aa0d79626f98e0c86d1805928a1a",
                "sha256:8cbc5cb78e78f6c2dfe225ce997c198e8a95a19b3f44b8d3ccc14a324d6b6e9c"
            ],
            "markers": "python_version < '3.12' and python_version >= '3.7'",
            "version": "==6.4.0.1"
        },
        "shiboken6": {
            "hashes": [
                "sha256:09f27c7425ecd2ce6debdf7771a56b2fbc36527b6097b3a1b21339c61287f842",
                "sha256:3031d769ced7018bcc96cced81e2a79afc5424071fbf819802c48aafe4d2da1d",
                "sha256:491f3394c771e6da85b89ec39394da76b4e11d4ff697250f8ea26f0a08eb2471",
                "sha256:8056529749dcad1f0f9b4b1113898de0f39f8b83cd09a38eaf9252f3fef681ad",
                "sha256:e7f91a1f88ec27b2039df1ea4c92eb89cf7c93d80f93363db66f7a226dad9439",
                "sha256:edd3c3abcff8fee7fc6051d0c63a72fcfc1451e0fd60094430d35aa1720000bf"
            ],
            "markers": "python_version < '3.12' and python_version >= '3.7'",
            "version": "==6.4.0.1"
        }
    },
    "develop": {
        "attrs": {
            "hashes": [
                "sha256:29adc2665447e5191d0e7c568fde78b21f9672d344281d0c6e1ab085429b22b6",
                "sha256:86efa402f67bf2df34f51a335487cf46b1ec130d02b8d39fd248abfd30da551c"
            ],
            "markers": "python_version >= '3.5'",
            "version": "==22.1.0"
        },
        "black": {
            "hashes": [
                "sha256:14ff67aec0a47c424bc99b71005202045dc09270da44a27848d534600ac64fc7",
                "sha256:197df8509263b0b8614e1df1756b1dd41be6738eed2ba9e9769f3880c2b9d7b6",
                "sha256:1e464456d24e23d11fced2bc8c47ef66d471f845c7b7a42f3bd77bf3d1789650",
                "sha256:2039230db3c6c639bd84efe3292ec7b06e9214a2992cd9beb293d639c6402edb",
                "sha256:21199526696b8f09c3997e2b4db8d0b108d801a348414264d2eb8eb2532e540d",
                "sha256:2644b5d63633702bc2c5f3754b1b475378fbbfb481f62319388235d0cd104c2d",
                "sha256:432247333090c8c5366e69627ccb363bc58514ae3e63f7fc75c54b1ea80fa7de",
                "sha256:444ebfb4e441254e87bad00c661fe32df9969b2bf224373a448d8aca2132b395",
                "sha256:5b9b29da4f564ba8787c119f37d174f2b69cdfdf9015b7d8c5c16121ddc054ae",
                "sha256:5cc42ca67989e9c3cf859e84c2bf014f6633db63d1cbdf8fdb666dcd9e77e3fa",
                "sha256:5d8f74030e67087b219b032aa33a919fae8806d49c867846bfacde57f43972ef",
                "sha256:72ef3925f30e12a184889aac03d77d031056860ccae8a1e519f6cbb742736383",
                "sha256:819dc789f4498ecc91438a7de64427c73b45035e2e3680c92e18795a839ebb66",
                "sha256:915ace4ff03fdfff953962fa672d44be269deb2eaf88499a0f8805221bc68c87",
                "sha256:9311e99228ae10023300ecac05be5a296f60d2fd10fff31cf5c1fa4ca4b1988d",
                "sha256:974308c58d057a651d182208a484ce80a26dac0caef2895836a92dd6ebd725e0",
                "sha256:b8b49776299fece66bffaafe357d929ca9451450f5466e997a7285ab0fe28e3b",
                "sha256:c957b2b4ea88587b46cf49d1dc17681c1e672864fd7af32fc1e9664d572b3458",
                "sha256:e41a86c6c650bcecc6633ee3180d80a025db041a8e2398dcc059b3afa8382cd4",
                "sha256:f513588da599943e0cde4e32cc9879e825d58720d6557062d1098c5ad80080e1",
                "sha256:fba8a281e570adafb79f7755ac8721b6cf1bbf691186a287e990c7929c7692ff"
            ],
            "index": "pypi",
            "version": "==22.10.0"
        },
        "click": {
            "hashes": [
                "sha256:7682dc8afb30297001674575ea00d1814d808d6a36af415a82bd481d37ba7b8e",
                "sha256:bb4d8133cb15a609f44e8213d9b391b0809795062913b383c62be0ee95b1db48"
            ],
            "markers": "python_version >= '3.7'",
            "version": "==8.1.3"
        },
        "flake8": {
            "hashes": [
                "sha256:6fbe320aad8d6b95cec8b8e47bc933004678dc63095be98528b7bdd2a9f510db",
                "sha256:7a1cf6b73744f5806ab95e526f6f0d8c01c66d7bbe349562d22dfca20610b248"
            ],
            "index": "pypi",
            "version": "==5.0.4"
        },
        "flake8-bugbear": {
            "hashes": [
                "sha256:6ad0ab754507319060695e2f2be80e6d8977cfcea082293089a9226276bd825d",
                "sha256:a6708608965c9e0de5fff13904fed82e0ba21ac929fe4896459226a797e11cd5"
            ],
            "index": "pypi",
            "version": "==22.10.27"
        },
        "flake8-builtins": {
            "hashes": [
                "sha256:5aeb420130efe8acbdaf8708a582492413293a3ca25653518f687937879650a5",
                "sha256:a5b9ca9cbc921c4455ea02e2e9963c990ac66d028c15b654625e012a1e3bbb4d"
            ],
            "index": "pypi",
            "version": "==2.0.1"
        },
        "flake8-comprehensions": {
            "hashes": [
                "sha256:412052ac4a947f36b891143430fef4859705af11b2572fbb689f90d372cf26ab",
                "sha256:d763de3c74bc18a79c039a7ec732e0a1985b0c79309ceb51e56401ad0a2cd44e"
            ],
            "index": "pypi",
            "version": "==3.10.1"
        },
        "flake8-typehinting": {
            "hashes": [
                "sha256:1cd5d6b5846a7028c5c01b3d7cb71ebe51a5d9eed7e2b0a6e98c22e1e321d873"
            ],
            "index": "pypi",
            "version": "==0.1.0"
        },
        "importlib-metadata": {
            "hashes": [
                "sha256:da31db32b304314d044d3c12c79bd59e307889b287ad12ff387b3500835fc2ab",
                "sha256:ddb0e35065e8938f867ed4928d0ae5bf2a53b7773871bfe6bcc7e4fcdc7dea43"
            ],
            "markers": "python_version >= '3.7'",
            "version": "==5.0.0"
        },
        "mccabe": {
            "hashes": [
                "sha256:348e0240c33b60bbdf4e523192ef919f28cb2c3d7d5c7794f74009290f236325",
                "sha256:6c2d30ab6be0e4a46919781807b4f0d834ebdd6c6e3dca0bda5a15f863427b6e"
            ],
            "markers": "python_version >= '3.6'",
            "version": "==0.7.0"
        },
        "mypy": {
            "hashes": [
                "sha256:0680389c34284287fe00e82fc8bccdea9aff318f7e7d55b90d967a13a9606013",
                "sha256:1767830da2d1afa4e62b684647af0ff79b401f004d7fa08bc5b0ce2d45bcd5ec",
                "sha256:1ee5f99817ee70254e7eb5cf97c1b11dda29c6893d846c8b07bce449184e9466",
                "sha256:262c543ef24deb10470a3c1c254bb986714e2b6b1a67d66daf836a548a9f316c",
                "sha256:269f0dfb6463b8780333310ff4b5134425157ef0d2b1d614015adaf6d6a7eabd",
                "sha256:2a3150d409609a775c8cb65dbe305c4edd7fe576c22ea79d77d1454acd9aeda8",
                "sha256:2b6f85c2ad378e3224e017904a051b26660087b3b76490d533b7344f1546d3ff",
                "sha256:3227f14fe943524f5794679156488f18bf8d34bfecd4623cf76bc55958d229c5",
                "sha256:3ff201a0c6d3ea029d73b1648943387d75aa052491365b101f6edd5570d018ea",
                "sha256:46897755f944176fbc504178422a5a2875bbf3f7436727374724842c0987b5af",
                "sha256:47a9955214615108c3480a500cfda8513a0b1cd3c09a1ed42764ca0dd7b931dd",
                "sha256:49082382f571c3186ce9ea0bd627cb1345d4da8d44a8377870f4442401f0a706",
                "sha256:4a8a6c10f4c63fbf6ad6c03eba22c9331b3946a4cec97f008e9ffb4d3b31e8e2",
                "sha256:6826d9c4d85bbf6d68cb279b561de6a4d8d778ca8e9ab2d00ee768ab501a9852",
                "sha256:72382cb609142dba3f04140d016c94b4092bc7b4d98ca718740dc989e5271b8d",
                "sha256:7da0005e47975287a92b43276e460ac1831af3d23032c34e67d003388a0ce8d0",
                "sha256:8798c8ed83aa809f053abff08664bdca056038f5a02af3660de00b7290b64c47",
                "sha256:8f1940325a8ed460ba03d19ab83742260fa9534804c317224e5d4e5aa588e2d6",
                "sha256:8f694d6d09a460b117dccb6857dda269188e3437c880d7b60fa0014fa872d1e9",
                "sha256:9b8f4a8213b1fd4b751e26b59ae0e0c12896568d7e805861035c7a15ed6dc9eb",
                "sha256:9d851c09b981a65d9d283a8ccb5b1d0b698e580493416a10942ef1a04b19fd37",
                "sha256:aaf1be63e0207d7d17be942dcf9a6b641745581fe6c64df9a38deb562a7dbafa",
                "sha256:aba38e3dd66bdbafbbfe9c6e79637841928ea4c79b32e334099463c17b0d90ef",
                "sha256:b08541a06eed35b543ae1a6b301590eb61826a1eb099417676ddc5a42aa151c5",
                "sha256:be88d665e76b452c26fb2bdc3d54555c01226fba062b004ede780b190a50f9db",
                "sha256:c76c769c46a1e6062a84837badcb2a7b0cdb153d68601a61f60739c37d41cc74",
                "sha256:cc6019808580565040cd2a561b593d7c3c646badd7e580e07d875eb1bf35c695",
                "sha256:cd2dd3730ba894ec2a2082cc703fbf3e95a08479f7be84912e3131fc68809d46",
                "sha256:d555aa7f44cecb7ea3c0ac69d58b1a5afb92caa017285a8e9c4efbf0518b61b4",
                "sha256:d847dd23540e2912d9667602271e5ebf25e5788e7da46da5ffd98e7872616e8e"
            ],
            "index": "pypi",
            "version": "==0.990"
        },
        "mypy-extensions": {
            "hashes": [
                "sha256:090fedd75945a69ae91ce1303b5824f428daf5a028d2f6ab8a299250a846f15d",
                "sha256:2d82818f5bb3e369420cb3c4060a7970edba416647068eb4c5343488a6c604a8"
            ],
            "version": "==0.4.3"
        },
        "pathspec": {
            "hashes": [
                "sha256:46846318467efc4556ccfd27816e004270a9eeeeb4d062ce5e6fc7a87c573f93",
                "sha256:7ace6161b621d31e7902eb6b5ae148d12cfd23f4a249b9ffb6b9fee12084323d"
            ],
            "markers": "python_version >= '3.7'",
            "version": "==0.10.1"
        },
        "pep8-naming": {
            "hashes": [
                "sha256:59e29e55c478db69cffbe14ab24b5bd2cd615c0413edf790d47d3fb7ba9a4e23",
                "sha256:93eef62f525fd12a6f8c98f4dcc17fa70baae2f37fa1f73bec00e3e44392fa48"
            ],
            "index": "pypi",
            "version": "==0.13.2"
        },
        "platformdirs": {
            "hashes": [
                "sha256:0cb405749187a194f444c25c82ef7225232f11564721eabffc6ec70df83b11cb",
                "sha256:6e52c21afff35cb659c6e52d8b4d61b9bd544557180440538f255d9382c8cbe0"
            ],
            "markers": "python_version >= '3.7'",
            "version": "==2.5.3"
        },
        "pycodestyle": {
            "hashes": [
                "sha256:2c9607871d58c76354b697b42f5d57e1ada7d261c261efac224b664affdc5785",
                "sha256:d1735fc58b418fd7c5f658d28d943854f8a849b01a5d0a1e6f3f3fdd0166804b"
            ],
            "markers": "python_version >= '3.6'",
            "version": "==2.9.1"
        },
        "pydocstyle": {
            "hashes": [
                "sha256:1d41b7c459ba0ee6c345f2eb9ae827cab14a7533a88c5c6f7e94923f72df92dc",
                "sha256:6987826d6775056839940041beef5c08cc7e3d71d63149b48e36727f70144dc4"
            ],
            "index": "pypi",
            "version": "==6.1.1"
        },
        "pyflakes": {
            "hashes": [
                "sha256:4579f67d887f804e67edb544428f264b7b24f435b263c4614f384135cea553d2",
                "sha256:491feb020dca48ccc562a8c0cbe8df07ee13078df59813b83959cbdada312ea3"
            ],
            "markers": "python_version >= '3.6'",
            "version": "==2.5.0"
        },
        "snowballstemmer": {
            "hashes": [
                "sha256:09b16deb8547d3412ad7b590689584cd0fe25ec8db3be37788be3810cbf19cb1",
                "sha256:c8e1716e83cc398ae16824e5572ae04e0d9fc2c6b985fb0f900f5f0c96ecba1a"
            ],
            "version": "==2.2.0"
        },
        "tomli": {
            "hashes": [
                "sha256:939de3e7a6161af0c887ef91b7d41a53e7c5a1ca976325f429cb46ea9bc30ecc",
                "sha256:de526c12914f0c550d15924c62d72abc48d6fe7364aa87328337a31007fe8a4f"
            ],
            "markers": "python_full_version < '3.11.0a7'",
            "version": "==2.0.1"
        },
        "typing-extensions": {
            "hashes": [
                "sha256:1511434bb92bf8dd198c12b1cc812e800d4181cfcb867674e0f8279cc93087aa",
                "sha256:16fa4864408f655d35ec496218b85f79b3437c829e93320c7c9215ccfd92489e"
            ],
            "markers": "python_version >= '3.7'",
            "version": "==4.4.0"
        },
        "zipp": {
            "hashes": [
                "sha256:4fcb6f278987a6605757302a6e40e896257570d11c51628968ccb2a47e80c6c1",
                "sha256:7a7262fd930bd3e36c50b9a64897aec3fafff3dfdeec9623ae22b40e93f99bb8"
            ],
            "markers": "python_version >= '3.7'",
            "version": "==3.10.0"
        }
    }
}
